
Microsoft Visual Studio Solution File, Format Version 12.00
# Visual Studio Version 16
VisualStudioVersion = 16.0.31129.286
MinimumVisualStudioVersion = 10.0.40219.1
Project("{FAE04EC0-301F-11D3-BF4B-00C04F79EFBC}") = "ZooBookEmployeeRecords", "ZooBookEmployeeRecords\ZooBookEmployeeRecords.csproj", "{AA7C9074-949A-427E-A48F-E78C95310E77}"
EndProject
Global
	GlobalSection(SolutionConfigurationPlatforms) = preSolution
		Debug|Any CPU = Debug|Any CPU
		Release|Any CPU = Release|Any CPU
	EndGlobalSection
	GlobalSection(ProjectConfigurationPlatforms) = postSolution
		{AA7C9074-949A-427E-A48F-E78C95310E77}.Debug|Any CPU.ActiveCfg = Debug|Any CPU
		{AA7C9074-949A-427E-A48F-E78C95310E77}.Debug|Any CPU.Build.0 = Debug|Any CPU
		{AA7C9074-949A-427E-A48F-E78C95310E77}.Release|Any CPU.ActiveCfg = Release|Any CPU
		{AA7C9074-949A-427E-A48F-E78C95310E77}.Release|Any CPU.Build.0 = Release|Any CPU
	EndGlobalSection
	GlobalSection(SolutionProperties) = preSolution
		HideSolutionNode = FALSE
	EndGlobalSection
	GlobalSection(ExtensibilityGlobals) = postSolution
		SolutionGuid = {8FFD6D11-2A85-460C-B4EB-670B702894A8}
	EndGlobalSection
EndGlobal
